
Microsoft Visual Studio Solution File, Format Version 12.00
# Visual Studio Version 17
VisualStudioVersion = 17.2.32616.157
MinimumVisualStudioVersion = 10.0.40219.1
Project("{8BC9CEB8-8B4A-11D0-8D11-00A0C91BC942}") = "Строки", "Строки\Строки.vcxproj", "{217EE6F4-1996-4108-81FF-8DFD7087E94B}"
EndProject
Project("{8BC9CEB8-8B4A-11D0-8D11-00A0C91BC942}") = "Пример2", "Пример2\Пример2.vcxproj", "{BCFCCBF3-3153-4C5E-95E6-A0F0D4FC9C49}"
EndProject
Project("{8BC9CEB8-8B4A-11D0-8D11-00A0C91BC942}") = "Пример3", "Пример3\Пример3.vcxproj", "{3F587C04-8D21-4887-8445-21DE04471760}"
EndProject
Project("{8BC9CEB8-8B4A-11D0-8D11-00A0C91BC942}") = "Пример4", "Пример4\Пример4.vcxproj", "{C997FDFD-3A75-4A61-BE51-1DEC444E8B9F}"
EndProject
Project("{8BC9CEB8-8B4A-11D0-8D11-00A0C91BC942}") = "Морской бой", "Морской бой\Морской бой.vcxproj", "{63EBC6BC-D018-4CB6-BDCF-374509E846E6}"
EndProject
Global
	GlobalSection(SolutionConfigurationPlatforms) = preSolution
		Debug|x64 = Debug|x64
		Debug|x86 = Debug|x86
		Release|x64 = Release|x64
		Release|x86 = Release|x86
	EndGlobalSection
	GlobalSection(ProjectConfigurationPlatforms) = postSolution
		{217EE6F4-1996-4108-81FF-8DFD7087E94B}.Debug|x64.ActiveCfg = Debug|x64
		{217EE6F4-1996-4108-81FF-8DFD7087E94B}.Debug|x64.Build.0 = Debug|x64
		{217EE6F4-1996-4108-81FF-8DFD7087E94B}.Debug|x86.ActiveCfg = Debug|Win32
		{217EE6F4-1996-4108-81FF-8DFD7087E94B}.Debug|x86.Build.0 = Debug|Win32
		{217EE6F4-1996-4108-81FF-8DFD7087E94B}.Release|x64.ActiveCfg = Release|x64
		{217EE6F4-1996-4108-81FF-8DFD7087E94B}.Release|x64.Build.0 = Release|x64
		{217EE6F4-1996-4108-81FF-8DFD7087E94B}.Release|x86.ActiveCfg = Release|Win32
		{217EE6F4-1996-4108-81FF-8DFD7087E94B}.Release|x86.Build.0 = Release|Win32
		{BCFCCBF3-3153-4C5E-95E6-A0F0D4FC9C49}.Debug|x64.ActiveCfg = Debug|x64
		{BCFCCBF3-3153-4C5E-95E6-A0F0D4FC9C49}.Debug|x64.Build.0 = Debug|x64
		{BCFCCBF3-3153-4C5E-95E6-A0F0D4FC9C49}.Debug|x86.ActiveCfg = Debug|Win32
		{BCFCCBF3-3153-4C5E-95E6-A0F0D4FC9C49}.Debug|x86.Build.0 = Debug|Win32
		{BCFCCBF3-3153-4C5E-95E6-A0F0D4FC9C49}.Release|x64.ActiveCfg = Release|x64
		{BCFCCBF3-3153-4C5E-95E6-A0F0D4FC9C49}.Release|x64.Build.0 = Release|x64
		{BCFCCBF3-3153-4C5E-95E6-A0F0D4FC9C49}.Release|x86.ActiveCfg = Release|Win32
		{BCFCCBF3-3153-4C5E-95E6-A0F0D4FC9C49}.Release|x86.Build.0 = Release|Win32
		{3F587C04-8D21-4887-8445-21DE04471760}.Debug|x64.ActiveCfg = Debug|x64
		{3F587C04-8D21-4887-8445-21DE04471760}.Debug|x64.Build.0 = Debug|x64
		{3F587C04-8D21-4887-8445-21DE04471760}.Debug|x86.ActiveCfg = Debug|Win32
		{3F587C04-8D21-4887-8445-21DE04471760}.Debug|x86.Build.0 = Debug|Win32
		{3F587C04-8D21-4887-8445-21DE04471760}.Release|x64.ActiveCfg = Release|x64
		{3F587C04-8D21-4887-8445-21DE04471760}.Release|x64.Build.0 = Release|x64
		{3F587C04-8D21-4887-8445-21DE04471760}.Release|x86.ActiveCfg = Release|Win32
		{3F587C04-8D21-4887-8445-21DE04471760}.Release|x86.Build.0 = Release|Win32
		{C997FDFD-3A75-4A61-BE51-1DEC444E8B9F}.Debug|x64.ActiveCfg = Debug|x64
		{C997FDFD-3A75-4A61-BE51-1DEC444E8B9F}.Debug|x64.Build.0 = Debug|x64
		{C997FDFD-3A75-4A61-BE51-1DEC444E8B9F}.Debug|x86.ActiveCfg = Debug|Win32
		{C997FDFD-3A75-4A61-BE51-1DEC444E8B9F}.Debug|x86.Build.0 = Debug|Win32
		{C997FDFD-3A75-4A61-BE51-1DEC444E8B9F}.Release|x64.ActiveCfg = Release|x64
		{C997FDFD-3A75-4A61-BE51-1DEC444E8B9F}.Release|x64.Build.0 = Release|x64
		{C997FDFD-3A75-4A61-BE51-1DEC444E8B9F}.Release|x86.ActiveCfg = Release|Win32
		{C997FDFD-3A75-4A61-BE51-1DEC444E8B9F}.Release|x86.Build.0 = Release|Win32
		{63EBC6BC-D018-4CB6-BDCF-374509E846E6}.Debug|x64.ActiveCfg = Debug|x64
		{63EBC6BC-D018-4CB6-BDCF-374509E846E6}.Debug|x64.Build.0 = Debug|x64
		{63EBC6BC-D018-4CB6-BDCF-374509E846E6}.Debug|x86.ActiveCfg = Debug|Win32
		{63EBC6BC-D018-4CB6-BDCF-374509E846E6}.Debug|x86.Build.0 = Debug|Win32
		{63EBC6BC-D018-4CB6-BDCF-374509E846E6}.Release|x64.ActiveCfg = Release|x64
		{63EBC6BC-D018-4CB6-BDCF-374509E846E6}.Release|x64.Build.0 = Release|x64
		{63EBC6BC-D018-4CB6-BDCF-374509E846E6}.Release|x86.ActiveCfg = Release|Win32
		{63EBC6BC-D018-4CB6-BDCF-374509E846E6}.Release|x86.Build.0 = Release|Win32
	EndGlobalSection
	GlobalSection(SolutionProperties) = preSolution
		HideSolutionNode = FALSE
	EndGlobalSection
	GlobalSection(ExtensibilityGlobals) = postSolution
		SolutionGuid = {627CBB7B-2A96-4E02-A60D-AC3510454050}
	EndGlobalSection
EndGlobal
