
Microsoft Visual Studio Solution File, Format Version 12.00
# Visual Studio Version 17
VisualStudioVersion = 17.2.32616.157
MinimumVisualStudioVersion = 10.0.40219.1
Project("{FAE04EC0-301F-11D3-BF4B-00C04F79EFBC}") = "Задача 1", "Задача 1\Задача 1.csproj", "{91C2C770-63A4-429A-ADA1-408A543EC8E8}"
EndProject
Project("{FAE04EC0-301F-11D3-BF4B-00C04F79EFBC}") = "Задача 2", "Задача 2\Задача 2.csproj", "{4D60BD07-46C6-4B7E-B7B8-76C4CB80193E}"
EndProject
Global
	GlobalSection(SolutionConfigurationPlatforms) = preSolution
		Debug|Any CPU = Debug|Any CPU
		Release|Any CPU = Release|Any CPU
	EndGlobalSection
	GlobalSection(ProjectConfigurationPlatforms) = postSolution
		{91C2C770-63A4-429A-ADA1-408A543EC8E8}.Debug|Any CPU.ActiveCfg = Debug|Any CPU
		{91C2C770-63A4-429A-ADA1-408A543EC8E8}.Debug|Any CPU.Build.0 = Debug|Any CPU
		{91C2C770-63A4-429A-ADA1-408A543EC8E8}.Release|Any CPU.ActiveCfg = Release|Any CPU
		{91C2C770-63A4-429A-ADA1-408A543EC8E8}.Release|Any CPU.Build.0 = Release|Any CPU
		{4D60BD07-46C6-4B7E-B7B8-76C4CB80193E}.Debug|Any CPU.ActiveCfg = Debug|Any CPU
		{4D60BD07-46C6-4B7E-B7B8-76C4CB80193E}.Debug|Any CPU.Build.0 = Debug|Any CPU
		{4D60BD07-46C6-4B7E-B7B8-76C4CB80193E}.Release|Any CPU.ActiveCfg = Release|Any CPU
		{4D60BD07-46C6-4B7E-B7B8-76C4CB80193E}.Release|Any CPU.Build.0 = Release|Any CPU
	EndGlobalSection
	GlobalSection(SolutionProperties) = preSolution
		HideSolutionNode = FALSE
	EndGlobalSection
	GlobalSection(ExtensibilityGlobals) = postSolution
		SolutionGuid = {08729079-14AB-49BB-BE14-54FB0A53F30B}
	EndGlobalSection
EndGlobal
