
Microsoft Visual Studio Solution File, Format Version 12.00
# Visual Studio Version 17
VisualStudioVersion = 17.6.33723.286
MinimumVisualStudioVersion = 10.0.40219.1
Project("{8BC9CEB8-8B4A-11D0-8D11-00A0C91BC942}") = "1 Address", "1 Address\1 Address.vcxproj", "{CBA6F174-8C39-4AFE-9874-7CA50904AFD0}"
EndProject
Project("{8BC9CEB8-8B4A-11D0-8D11-00A0C91BC942}") = "10 RostFutov", "10 RostFutov\10 RostFutov.vcxproj", "{D5B2D44C-F9E7-48BC-ADF1-660BF5E5DF0B}"
EndProject
Project("{8BC9CEB8-8B4A-11D0-8D11-00A0C91BC942}") = "11 Distance", "11 Distance\11 Distance.vcxproj", "{C1B02C3A-33D4-47EE-A81D-1CCC1D69AC13}"
EndProject
Project("{8BC9CEB8-8B4A-11D0-8D11-00A0C91BC942}") = "2 Greetings", "2 Greetings\2 Greetings.vcxproj", "{17E46849-7D04-4DB5-861E-C9B230FF078B}"
EndProject
Project("{8BC9CEB8-8B4A-11D0-8D11-00A0C91BC942}") = "3 Square", "3 Square\3 Square.vcxproj", "{609559D2-47EA-4855-9371-139017BA2E86}"
EndProject
Project("{8BC9CEB8-8B4A-11D0-8D11-00A0C91BC942}") = "4 GardenArea", "4 GardenArea\4 GardenArea.vcxproj", "{1F224E0A-0A9F-49E8-9AFC-C97655BF47C1}"
EndProject
Project("{8BC9CEB8-8B4A-11D0-8D11-00A0C91BC942}") = "5 Bottles", "5 Bottles\5 Bottles.vcxproj", "{820B29F7-64C9-424C-85BE-73C58BEF4146}"
EndProject
Project("{8BC9CEB8-8B4A-11D0-8D11-00A0C91BC942}") = "6 Taxes and tips", "6 Taxes and tips\6 Taxes and tips.vcxproj", "{444A2A69-CE6C-4135-8F9F-CA7347DDC4D4}"
EndProject
Project("{8BC9CEB8-8B4A-11D0-8D11-00A0C91BC942}") = "7 SouvenirsAndTrinkets", "7 SouvenirsAndTrinkets\7 SouvenirsAndTrinkets.vcxproj", "{1F557A84-0FC2-4808-BB88-5A9F8DE357B0}"
EndProject
Project("{8BC9CEB8-8B4A-11D0-8D11-00A0C91BC942}") = "8 SlozhnyProtsent", "8 SlozhnyProtsent\8 SlozhnyProtsent.vcxproj", "{D2263465-9272-4BB1-8B82-523BEB203E26}"
EndProject
Project("{8BC9CEB8-8B4A-11D0-8D11-00A0C91BC942}") = "9 RashodTopliva", "9 RashodTopliva\9 RashodTopliva.vcxproj", "{1E25598D-0562-4411-9D1E-947CA015073E}"
EndProject
Global
	GlobalSection(SolutionConfigurationPlatforms) = preSolution
		Debug|x64 = Debug|x64
		Debug|x86 = Debug|x86
		Release|x64 = Release|x64
		Release|x86 = Release|x86
	EndGlobalSection
	GlobalSection(ProjectConfigurationPlatforms) = postSolution
		{CBA6F174-8C39-4AFE-9874-7CA50904AFD0}.Debug|x64.ActiveCfg = Debug|x64
		{CBA6F174-8C39-4AFE-9874-7CA50904AFD0}.Debug|x64.Build.0 = Debug|x64
		{CBA6F174-8C39-4AFE-9874-7CA50904AFD0}.Debug|x86.ActiveCfg = Debug|Win32
		{CBA6F174-8C39-4AFE-9874-7CA50904AFD0}.Debug|x86.Build.0 = Debug|Win32
		{CBA6F174-8C39-4AFE-9874-7CA50904AFD0}.Release|x64.ActiveCfg = Release|x64
		{CBA6F174-8C39-4AFE-9874-7CA50904AFD0}.Release|x64.Build.0 = Release|x64
		{CBA6F174-8C39-4AFE-9874-7CA50904AFD0}.Release|x86.ActiveCfg = Release|Win32
		{CBA6F174-8C39-4AFE-9874-7CA50904AFD0}.Release|x86.Build.0 = Release|Win32
		{D5B2D44C-F9E7-48BC-ADF1-660BF5E5DF0B}.Debug|x64.ActiveCfg = Debug|x64
		{D5B2D44C-F9E7-48BC-ADF1-660BF5E5DF0B}.Debug|x64.Build.0 = Debug|x64
		{D5B2D44C-F9E7-48BC-ADF1-660BF5E5DF0B}.Debug|x86.ActiveCfg = Debug|Win32
		{D5B2D44C-F9E7-48BC-ADF1-660BF5E5DF0B}.Debug|x86.Build.0 = Debug|Win32
		{D5B2D44C-F9E7-48BC-ADF1-660BF5E5DF0B}.Release|x64.ActiveCfg = Release|x64
		{D5B2D44C-F9E7-48BC-ADF1-660BF5E5DF0B}.Release|x64.Build.0 = Release|x64
		{D5B2D44C-F9E7-48BC-ADF1-660BF5E5DF0B}.Release|x86.ActiveCfg = Release|Win32
		{D5B2D44C-F9E7-48BC-ADF1-660BF5E5DF0B}.Release|x86.Build.0 = Release|Win32
		{C1B02C3A-33D4-47EE-A81D-1CCC1D69AC13}.Debug|x64.ActiveCfg = Debug|x64
		{C1B02C3A-33D4-47EE-A81D-1CCC1D69AC13}.Debug|x64.Build.0 = Debug|x64
		{C1B02C3A-33D4-47EE-A81D-1CCC1D69AC13}.Debug|x86.ActiveCfg = Debug|Win32
		{C1B02C3A-33D4-47EE-A81D-1CCC1D69AC13}.Debug|x86.Build.0 = Debug|Win32
		{C1B02C3A-33D4-47EE-A81D-1CCC1D69AC13}.Release|x64.ActiveCfg = Release|x64
		{C1B02C3A-33D4-47EE-A81D-1CCC1D69AC13}.Release|x64.Build.0 = Release|x64
		{C1B02C3A-33D4-47EE-A81D-1CCC1D69AC13}.Release|x86.ActiveCfg = Release|Win32
		{C1B02C3A-33D4-47EE-A81D-1CCC1D69AC13}.Release|x86.Build.0 = Release|Win32
		{17E46849-7D04-4DB5-861E-C9B230FF078B}.Debug|x64.ActiveCfg = Debug|x64
		{17E46849-7D04-4DB5-861E-C9B230FF078B}.Debug|x64.Build.0 = Debug|x64
		{17E46849-7D04-4DB5-861E-C9B230FF078B}.Debug|x86.ActiveCfg = Debug|Win32
		{17E46849-7D04-4DB5-861E-C9B230FF078B}.Debug|x86.Build.0 = Debug|Win32
		{17E46849-7D04-4DB5-861E-C9B230FF078B}.Release|x64.ActiveCfg = Release|x64
		{17E46849-7D04-4DB5-861E-C9B230FF078B}.Release|x64.Build.0 = Release|x64
		{17E46849-7D04-4DB5-861E-C9B230FF078B}.Release|x86.ActiveCfg = Release|Win32
		{17E46849-7D04-4DB5-861E-C9B230FF078B}.Release|x86.Build.0 = Release|Win32
		{609559D2-47EA-4855-9371-139017BA2E86}.Debug|x64.ActiveCfg = Debug|x64
		{609559D2-47EA-4855-9371-139017BA2E86}.Debug|x64.Build.0 = Debug|x64
		{609559D2-47EA-4855-9371-139017BA2E86}.Debug|x86.ActiveCfg = Debug|Win32
		{609559D2-47EA-4855-9371-139017BA2E86}.Debug|x86.Build.0 = Debug|Win32
		{609559D2-47EA-4855-9371-139017BA2E86}.Release|x64.ActiveCfg = Release|x64
		{609559D2-47EA-4855-9371-139017BA2E86}.Release|x64.Build.0 = Release|x64
		{609559D2-47EA-4855-9371-139017BA2E86}.Release|x86.ActiveCfg = Release|Win32
		{609559D2-47EA-4855-9371-139017BA2E86}.Release|x86.Build.0 = Release|Win32
		{1F224E0A-0A9F-49E8-9AFC-C97655BF47C1}.Debug|x64.ActiveCfg = Debug|x64
		{1F224E0A-0A9F-49E8-9AFC-C97655BF47C1}.Debug|x64.Build.0 = Debug|x64
		{1F224E0A-0A9F-49E8-9AFC-C97655BF47C1}.Debug|x86.ActiveCfg = Debug|Win32
		{1F224E0A-0A9F-49E8-9AFC-C97655BF47C1}.Debug|x86.Build.0 = Debug|Win32
		{1F224E0A-0A9F-49E8-9AFC-C97655BF47C1}.Release|x64.ActiveCfg = Release|x64
		{1F224E0A-0A9F-49E8-9AFC-C97655BF47C1}.Release|x64.Build.0 = Release|x64
		{1F224E0A-0A9F-49E8-9AFC-C97655BF47C1}.Release|x86.ActiveCfg = Release|Win32
		{1F224E0A-0A9F-49E8-9AFC-C97655BF47C1}.Release|x86.Build.0 = Release|Win32
		{820B29F7-64C9-424C-85BE-73C58BEF4146}.Debug|x64.ActiveCfg = Debug|x64
		{820B29F7-64C9-424C-85BE-73C58BEF4146}.Debug|x64.Build.0 = Debug|x64
		{820B29F7-64C9-424C-85BE-73C58BEF4146}.Debug|x86.ActiveCfg = Debug|Win32
		{820B29F7-64C9-424C-85BE-73C58BEF4146}.Debug|x86.Build.0 = Debug|Win32
		{820B29F7-64C9-424C-85BE-73C58BEF4146}.Release|x64.ActiveCfg = Release|x64
		{820B29F7-64C9-424C-85BE-73C58BEF4146}.Release|x64.Build.0 = Release|x64
		{820B29F7-64C9-424C-85BE-73C58BEF4146}.Release|x86.ActiveCfg = Release|Win32
		{820B29F7-64C9-424C-85BE-73C58BEF4146}.Release|x86.Build.0 = Release|Win32
		{444A2A69-CE6C-4135-8F9F-CA7347DDC4D4}.Debug|x64.ActiveCfg = Debug|x64
		{444A2A69-CE6C-4135-8F9F-CA7347DDC4D4}.Debug|x64.Build.0 = Debug|x64
		{444A2A69-CE6C-4135-8F9F-CA7347DDC4D4}.Debug|x86.ActiveCfg = Debug|Win32
		{444A2A69-CE6C-4135-8F9F-CA7347DDC4D4}.Debug|x86.Build.0 = Debug|Win32
		{444A2A69-CE6C-4135-8F9F-CA7347DDC4D4}.Release|x64.ActiveCfg = Release|x64
		{444A2A69-CE6C-4135-8F9F-CA7347DDC4D4}.Release|x64.Build.0 = Release|x64
		{444A2A69-CE6C-4135-8F9F-CA7347DDC4D4}.Release|x86.ActiveCfg = Release|Win32
		{444A2A69-CE6C-4135-8F9F-CA7347DDC4D4}.Release|x86.Build.0 = Release|Win32
		{1F557A84-0FC2-4808-BB88-5A9F8DE357B0}.Debug|x64.ActiveCfg = Debug|x64
		{1F557A84-0FC2-4808-BB88-5A9F8DE357B0}.Debug|x64.Build.0 = Debug|x64
		{1F557A84-0FC2-4808-BB88-5A9F8DE357B0}.Debug|x86.ActiveCfg = Debug|Win32
		{1F557A84-0FC2-4808-BB88-5A9F8DE357B0}.Debug|x86.Build.0 = Debug|Win32
		{1F557A84-0FC2-4808-BB88-5A9F8DE357B0}.Release|x64.ActiveCfg = Release|x64
		{1F557A84-0FC2-4808-BB88-5A9F8DE357B0}.Release|x64.Build.0 = Release|x64
		{1F557A84-0FC2-4808-BB88-5A9F8DE357B0}.Release|x86.ActiveCfg = Release|Win32
		{1F557A84-0FC2-4808-BB88-5A9F8DE357B0}.Release|x86.Build.0 = Release|Win32
		{D2263465-9272-4BB1-8B82-523BEB203E26}.Debug|x64.ActiveCfg = Debug|x64
		{D2263465-9272-4BB1-8B82-523BEB203E26}.Debug|x64.Build.0 = Debug|x64
		{D2263465-9272-4BB1-8B82-523BEB203E26}.Debug|x86.ActiveCfg = Debug|Win32
		{D2263465-9272-4BB1-8B82-523BEB203E26}.Debug|x86.Build.0 = Debug|Win32
		{D2263465-9272-4BB1-8B82-523BEB203E26}.Release|x64.ActiveCfg = Release|x64
		{D2263465-9272-4BB1-8B82-523BEB203E26}.Release|x64.Build.0 = Release|x64
		{D2263465-9272-4BB1-8B82-523BEB203E26}.Release|x86.ActiveCfg = Release|Win32
		{D2263465-9272-4BB1-8B82-523BEB203E26}.Release|x86.Build.0 = Release|Win32
		{1E25598D-0562-4411-9D1E-947CA015073E}.Debug|x64.ActiveCfg = Debug|x64
		{1E25598D-0562-4411-9D1E-947CA015073E}.Debug|x64.Build.0 = Debug|x64
		{1E25598D-0562-4411-9D1E-947CA015073E}.Debug|x86.ActiveCfg = Debug|Win32
		{1E25598D-0562-4411-9D1E-947CA015073E}.Debug|x86.Build.0 = Debug|Win32
		{1E25598D-0562-4411-9D1E-947CA015073E}.Release|x64.ActiveCfg = Release|x64
		{1E25598D-0562-4411-9D1E-947CA015073E}.Release|x64.Build.0 = Release|x64
		{1E25598D-0562-4411-9D1E-947CA015073E}.Release|x86.ActiveCfg = Release|Win32
		{1E25598D-0562-4411-9D1E-947CA015073E}.Release|x86.Build.0 = Release|Win32
	EndGlobalSection
	GlobalSection(SolutionProperties) = preSolution
		HideSolutionNode = FALSE
	EndGlobalSection
	GlobalSection(ExtensibilityGlobals) = postSolution
		SolutionGuid = {1AC585E8-1EBC-4188-A5FC-5D1F5D12D624}
	EndGlobalSection
EndGlobal
