
Microsoft Visual Studio Solution File, Format Version 12.00
# Visual Studio Version 17
VisualStudioVersion = 17.2.32616.157
MinimumVisualStudioVersion = 10.0.40219.1
Project("{9A19103F-16F7-4668-BE54-9A1E7A4F7556}") = "Задание 1", "Задание 1\Задание 1.csproj", "{E702A595-468D-461D-AB53-72D17640D554}"
EndProject
Project("{9A19103F-16F7-4668-BE54-9A1E7A4F7556}") = "Задание 2", "Задание 2\Задание 2.csproj", "{B6900AF0-9C42-405C-B2A7-C6AFED498550}"
EndProject
Project("{9A19103F-16F7-4668-BE54-9A1E7A4F7556}") = "Задание 3", "Задание 3\Задание 3.csproj", "{D42F24DA-D297-4FD3-996F-557E55FB90C6}"
EndProject
Project("{9A19103F-16F7-4668-BE54-9A1E7A4F7556}") = "Задание 3 второй способ", "Задание 3 второй способ\Задание 3 второй способ.csproj", "{72371305-906A-4A6B-A1B9-6024C100D817}"
EndProject
Project("{9A19103F-16F7-4668-BE54-9A1E7A4F7556}") = "Задание 4", "Задание 4\Задание 4.csproj", "{A4EB0B5E-3065-4146-BABC-9920091B88D9}"
EndProject
Project("{9A19103F-16F7-4668-BE54-9A1E7A4F7556}") = "Задание 5", "Задание 5\Задание 5.csproj", "{F272B458-F099-4072-8D48-3752DF8D2067}"
EndProject
Project("{9A19103F-16F7-4668-BE54-9A1E7A4F7556}") = "Задание 6", "Задание 6\Задание 6.csproj", "{16C303F9-B91D-4394-BFD8-1C471067C302}"
EndProject
Project("{9A19103F-16F7-4668-BE54-9A1E7A4F7556}") = "Задание 7", "Задание 7\Задание 7.csproj", "{1E752180-01A4-4F3C-B5B2-2BB6BAF52F6F}"
EndProject
Project("{9A19103F-16F7-4668-BE54-9A1E7A4F7556}") = "Задание 8", "Задание 8\Задание 8.csproj", "{63FDC99C-7A40-4991-8892-546FE34406B3}"
EndProject
Project("{9A19103F-16F7-4668-BE54-9A1E7A4F7556}") = "Задание 9 старая версия", "Задание 9\Задание 9 старая версия.csproj", "{EC45A5FD-9619-49C2-974E-2BC95FEAB1D5}"
EndProject
Project("{9A19103F-16F7-4668-BE54-9A1E7A4F7556}") = "ArrayHelper", "ArrayHelper\ArrayHelper.csproj", "{319CB751-B7C8-4F20-91FE-112F24A02CBC}"
EndProject
Project("{9A19103F-16F7-4668-BE54-9A1E7A4F7556}") = "Задание 9", "Задание 9_2\Задание 9.csproj", "{D8133095-CCA4-43C3-8BC6-F4F34D4B4AAC}"
EndProject
Project("{FAE04EC0-301F-11D3-BF4B-00C04F79EFBC}") = "Задание 9 второй способ", "Задание 9 второй способ\Задание 9 второй способ.csproj", "{E93D120A-12F9-4CA7-9D40-004C3FC561BC}"
EndProject
Global
	GlobalSection(SolutionConfigurationPlatforms) = preSolution
		Debug|Any CPU = Debug|Any CPU
		Release|Any CPU = Release|Any CPU
	EndGlobalSection
	GlobalSection(ProjectConfigurationPlatforms) = postSolution
		{E702A595-468D-461D-AB53-72D17640D554}.Debug|Any CPU.ActiveCfg = Debug|Any CPU
		{E702A595-468D-461D-AB53-72D17640D554}.Debug|Any CPU.Build.0 = Debug|Any CPU
		{E702A595-468D-461D-AB53-72D17640D554}.Release|Any CPU.ActiveCfg = Release|Any CPU
		{E702A595-468D-461D-AB53-72D17640D554}.Release|Any CPU.Build.0 = Release|Any CPU
		{B6900AF0-9C42-405C-B2A7-C6AFED498550}.Debug|Any CPU.ActiveCfg = Debug|Any CPU
		{B6900AF0-9C42-405C-B2A7-C6AFED498550}.Debug|Any CPU.Build.0 = Debug|Any CPU
		{B6900AF0-9C42-405C-B2A7-C6AFED498550}.Release|Any CPU.ActiveCfg = Release|Any CPU
		{B6900AF0-9C42-405C-B2A7-C6AFED498550}.Release|Any CPU.Build.0 = Release|Any CPU
		{D42F24DA-D297-4FD3-996F-557E55FB90C6}.Debug|Any CPU.ActiveCfg = Debug|Any CPU
		{D42F24DA-D297-4FD3-996F-557E55FB90C6}.Debug|Any CPU.Build.0 = Debug|Any CPU
		{D42F24DA-D297-4FD3-996F-557E55FB90C6}.Release|Any CPU.ActiveCfg = Release|Any CPU
		{D42F24DA-D297-4FD3-996F-557E55FB90C6}.Release|Any CPU.Build.0 = Release|Any CPU
		{72371305-906A-4A6B-A1B9-6024C100D817}.Debug|Any CPU.ActiveCfg = Debug|Any CPU
		{72371305-906A-4A6B-A1B9-6024C100D817}.Debug|Any CPU.Build.0 = Debug|Any CPU
		{72371305-906A-4A6B-A1B9-6024C100D817}.Release|Any CPU.ActiveCfg = Release|Any CPU
		{72371305-906A-4A6B-A1B9-6024C100D817}.Release|Any CPU.Build.0 = Release|Any CPU
		{A4EB0B5E-3065-4146-BABC-9920091B88D9}.Debug|Any CPU.ActiveCfg = Debug|Any CPU
		{A4EB0B5E-3065-4146-BABC-9920091B88D9}.Debug|Any CPU.Build.0 = Debug|Any CPU
		{A4EB0B5E-3065-4146-BABC-9920091B88D9}.Release|Any CPU.ActiveCfg = Release|Any CPU
		{A4EB0B5E-3065-4146-BABC-9920091B88D9}.Release|Any CPU.Build.0 = Release|Any CPU
		{F272B458-F099-4072-8D48-3752DF8D2067}.Debug|Any CPU.ActiveCfg = Debug|Any CPU
		{F272B458-F099-4072-8D48-3752DF8D2067}.Debug|Any CPU.Build.0 = Debug|Any CPU
		{F272B458-F099-4072-8D48-3752DF8D2067}.Release|Any CPU.ActiveCfg = Release|Any CPU
		{F272B458-F099-4072-8D48-3752DF8D2067}.Release|Any CPU.Build.0 = Release|Any CPU
		{16C303F9-B91D-4394-BFD8-1C471067C302}.Debug|Any CPU.ActiveCfg = Debug|Any CPU
		{16C303F9-B91D-4394-BFD8-1C471067C302}.Debug|Any CPU.Build.0 = Debug|Any CPU
		{16C303F9-B91D-4394-BFD8-1C471067C302}.Release|Any CPU.ActiveCfg = Release|Any CPU
		{16C303F9-B91D-4394-BFD8-1C471067C302}.Release|Any CPU.Build.0 = Release|Any CPU
		{1E752180-01A4-4F3C-B5B2-2BB6BAF52F6F}.Debug|Any CPU.ActiveCfg = Debug|Any CPU
		{1E752180-01A4-4F3C-B5B2-2BB6BAF52F6F}.Debug|Any CPU.Build.0 = Debug|Any CPU
		{1E752180-01A4-4F3C-B5B2-2BB6BAF52F6F}.Release|Any CPU.ActiveCfg = Release|Any CPU
		{1E752180-01A4-4F3C-B5B2-2BB6BAF52F6F}.Release|Any CPU.Build.0 = Release|Any CPU
		{63FDC99C-7A40-4991-8892-546FE34406B3}.Debug|Any CPU.ActiveCfg = Debug|Any CPU
		{63FDC99C-7A40-4991-8892-546FE34406B3}.Debug|Any CPU.Build.0 = Debug|Any CPU
		{63FDC99C-7A40-4991-8892-546FE34406B3}.Release|Any CPU.ActiveCfg = Release|Any CPU
		{63FDC99C-7A40-4991-8892-546FE34406B3}.Release|Any CPU.Build.0 = Release|Any CPU
		{EC45A5FD-9619-49C2-974E-2BC95FEAB1D5}.Debug|Any CPU.ActiveCfg = Debug|Any CPU
		{EC45A5FD-9619-49C2-974E-2BC95FEAB1D5}.Debug|Any CPU.Build.0 = Debug|Any CPU
		{EC45A5FD-9619-49C2-974E-2BC95FEAB1D5}.Release|Any CPU.ActiveCfg = Release|Any CPU
		{EC45A5FD-9619-49C2-974E-2BC95FEAB1D5}.Release|Any CPU.Build.0 = Release|Any CPU
		{319CB751-B7C8-4F20-91FE-112F24A02CBC}.Debug|Any CPU.ActiveCfg = Debug|Any CPU
		{319CB751-B7C8-4F20-91FE-112F24A02CBC}.Debug|Any CPU.Build.0 = Debug|Any CPU
		{319CB751-B7C8-4F20-91FE-112F24A02CBC}.Release|Any CPU.ActiveCfg = Release|Any CPU
		{319CB751-B7C8-4F20-91FE-112F24A02CBC}.Release|Any CPU.Build.0 = Release|Any CPU
		{D8133095-CCA4-43C3-8BC6-F4F34D4B4AAC}.Debug|Any CPU.ActiveCfg = Debug|Any CPU
		{D8133095-CCA4-43C3-8BC6-F4F34D4B4AAC}.Debug|Any CPU.Build.0 = Debug|Any CPU
		{D8133095-CCA4-43C3-8BC6-F4F34D4B4AAC}.Release|Any CPU.ActiveCfg = Release|Any CPU
		{D8133095-CCA4-43C3-8BC6-F4F34D4B4AAC}.Release|Any CPU.Build.0 = Release|Any CPU
		{E93D120A-12F9-4CA7-9D40-004C3FC561BC}.Debug|Any CPU.ActiveCfg = Debug|Any CPU
		{E93D120A-12F9-4CA7-9D40-004C3FC561BC}.Debug|Any CPU.Build.0 = Debug|Any CPU
		{E93D120A-12F9-4CA7-9D40-004C3FC561BC}.Release|Any CPU.ActiveCfg = Release|Any CPU
		{E93D120A-12F9-4CA7-9D40-004C3FC561BC}.Release|Any CPU.Build.0 = Release|Any CPU
	EndGlobalSection
	GlobalSection(SolutionProperties) = preSolution
		HideSolutionNode = FALSE
	EndGlobalSection
	GlobalSection(ExtensibilityGlobals) = postSolution
		SolutionGuid = {34C2688F-3F6B-4590-9581-4603E838F452}
	EndGlobalSection
EndGlobal
