
Microsoft Visual Studio Solution File, Format Version 12.00
# Visual Studio Version 17
VisualStudioVersion = 17.2.32616.157
MinimumVisualStudioVersion = 10.0.40219.1
Project("{FAE04EC0-301F-11D3-BF4B-00C04F79EFBC}") = "Основные понятия", "Основные понятия\Основные понятия.csproj", "{3B7B1A84-C7CB-4C82-B383-358969462834}"
EndProject
Global
	GlobalSection(SolutionConfigurationPlatforms) = preSolution
		Debug|Any CPU = Debug|Any CPU
		Release|Any CPU = Release|Any CPU
	EndGlobalSection
	GlobalSection(ProjectConfigurationPlatforms) = postSolution
		{3B7B1A84-C7CB-4C82-B383-358969462834}.Debug|Any CPU.ActiveCfg = Debug|Any CPU
		{3B7B1A84-C7CB-4C82-B383-358969462834}.Debug|Any CPU.Build.0 = Debug|Any CPU
		{3B7B1A84-C7CB-4C82-B383-358969462834}.Release|Any CPU.ActiveCfg = Release|Any CPU
		{3B7B1A84-C7CB-4C82-B383-358969462834}.Release|Any CPU.Build.0 = Release|Any CPU
	EndGlobalSection
	GlobalSection(SolutionProperties) = preSolution
		HideSolutionNode = FALSE
	EndGlobalSection
	GlobalSection(ExtensibilityGlobals) = postSolution
		SolutionGuid = {01661B5D-438A-45DA-BDB9-250E90E878D9}
	EndGlobalSection
EndGlobal
