
Microsoft Visual Studio Solution File, Format Version 12.00
# Visual Studio Version 17
VisualStudioVersion = 17.2.32616.157
MinimumVisualStudioVersion = 10.0.40219.1
Project("{FAE04EC0-301F-11D3-BF4B-00C04F79EFBC}") = "Массивы", "Массивы\Массивы.csproj", "{C44BA666-95CB-4711-96EE-8F8E9335EBAF}"
EndProject
Global
	GlobalSection(SolutionConfigurationPlatforms) = preSolution
		Debug|Any CPU = Debug|Any CPU
		Release|Any CPU = Release|Any CPU
	EndGlobalSection
	GlobalSection(ProjectConfigurationPlatforms) = postSolution
		{C44BA666-95CB-4711-96EE-8F8E9335EBAF}.Debug|Any CPU.ActiveCfg = Debug|Any CPU
		{C44BA666-95CB-4711-96EE-8F8E9335EBAF}.Debug|Any CPU.Build.0 = Debug|Any CPU
		{C44BA666-95CB-4711-96EE-8F8E9335EBAF}.Release|Any CPU.ActiveCfg = Release|Any CPU
		{C44BA666-95CB-4711-96EE-8F8E9335EBAF}.Release|Any CPU.Build.0 = Release|Any CPU
	EndGlobalSection
	GlobalSection(SolutionProperties) = preSolution
		HideSolutionNode = FALSE
	EndGlobalSection
	GlobalSection(ExtensibilityGlobals) = postSolution
		SolutionGuid = {8C04C9AF-8C33-47D3-9236-A90D13A1B86B}
	EndGlobalSection
EndGlobal
