
Microsoft Visual Studio Solution File, Format Version 12.00
# Visual Studio Version 17
VisualStudioVersion = 17.3.32929.385
MinimumVisualStudioVersion = 10.0.40219.1
Project("{8BC9CEB8-8B4A-11D0-8D11-00A0C91BC942}") = "1 ReversNumber", "ReversNumber\ReversNumber.vcxproj", "{2C98A2D4-9102-42BE-94B1-C836602CED62}"
EndProject
Project("{8BC9CEB8-8B4A-11D0-8D11-00A0C91BC942}") = "2 SummNumbers", "SummNumbers\SummNumbers.vcxproj", "{70269CEF-503E-4962-A826-8318BA4AF32A}"
EndProject
Project("{8BC9CEB8-8B4A-11D0-8D11-00A0C91BC942}") = "3 SnailRun", "SnailRun\SnailRun.vcxproj", "{0FECD6E5-40B6-4F01-881D-7C1A79CA35A9}"
EndProject
Project("{8BC9CEB8-8B4A-11D0-8D11-00A0C91BC942}") = "4 MakingDesigion", "MakingDesigion\MakingDesigion.vcxproj", "{132FC32A-651C-4B72-A082-5464A706A4DD}"
EndProject
Project("{8BC9CEB8-8B4A-11D0-8D11-00A0C91BC942}") = "5 Calendar", "Calendar\Calendar.vcxproj", "{9AF70EAF-7091-44D0-AB76-707C966638E3}"
EndProject
Project("{8BC9CEB8-8B4A-11D0-8D11-00A0C91BC942}") = "SumOfIntegers", "SumOfIntegers\SumOfIntegers.vcxproj", "{7B954F15-0FE6-4D15-A2B0-B1AFA42F18B9}"
EndProject
Global
	GlobalSection(SolutionConfigurationPlatforms) = preSolution
		Debug|x64 = Debug|x64
		Debug|x86 = Debug|x86
		Release|x64 = Release|x64
		Release|x86 = Release|x86
	EndGlobalSection
	GlobalSection(ProjectConfigurationPlatforms) = postSolution
		{2C98A2D4-9102-42BE-94B1-C836602CED62}.Debug|x64.ActiveCfg = Debug|x64
		{2C98A2D4-9102-42BE-94B1-C836602CED62}.Debug|x64.Build.0 = Debug|x64
		{2C98A2D4-9102-42BE-94B1-C836602CED62}.Debug|x86.ActiveCfg = Debug|Win32
		{2C98A2D4-9102-42BE-94B1-C836602CED62}.Debug|x86.Build.0 = Debug|Win32
		{2C98A2D4-9102-42BE-94B1-C836602CED62}.Release|x64.ActiveCfg = Release|x64
		{2C98A2D4-9102-42BE-94B1-C836602CED62}.Release|x64.Build.0 = Release|x64
		{2C98A2D4-9102-42BE-94B1-C836602CED62}.Release|x86.ActiveCfg = Release|Win32
		{2C98A2D4-9102-42BE-94B1-C836602CED62}.Release|x86.Build.0 = Release|Win32
		{70269CEF-503E-4962-A826-8318BA4AF32A}.Debug|x64.ActiveCfg = Debug|x64
		{70269CEF-503E-4962-A826-8318BA4AF32A}.Debug|x64.Build.0 = Debug|x64
		{70269CEF-503E-4962-A826-8318BA4AF32A}.Debug|x86.ActiveCfg = Debug|Win32
		{70269CEF-503E-4962-A826-8318BA4AF32A}.Debug|x86.Build.0 = Debug|Win32
		{70269CEF-503E-4962-A826-8318BA4AF32A}.Release|x64.ActiveCfg = Release|x64
		{70269CEF-503E-4962-A826-8318BA4AF32A}.Release|x64.Build.0 = Release|x64
		{70269CEF-503E-4962-A826-8318BA4AF32A}.Release|x86.ActiveCfg = Release|Win32
		{70269CEF-503E-4962-A826-8318BA4AF32A}.Release|x86.Build.0 = Release|Win32
		{0FECD6E5-40B6-4F01-881D-7C1A79CA35A9}.Debug|x64.ActiveCfg = Debug|x64
		{0FECD6E5-40B6-4F01-881D-7C1A79CA35A9}.Debug|x64.Build.0 = Debug|x64
		{0FECD6E5-40B6-4F01-881D-7C1A79CA35A9}.Debug|x86.ActiveCfg = Debug|Win32
		{0FECD6E5-40B6-4F01-881D-7C1A79CA35A9}.Debug|x86.Build.0 = Debug|Win32
		{0FECD6E5-40B6-4F01-881D-7C1A79CA35A9}.Release|x64.ActiveCfg = Release|x64
		{0FECD6E5-40B6-4F01-881D-7C1A79CA35A9}.Release|x64.Build.0 = Release|x64
		{0FECD6E5-40B6-4F01-881D-7C1A79CA35A9}.Release|x86.ActiveCfg = Release|Win32
		{0FECD6E5-40B6-4F01-881D-7C1A79CA35A9}.Release|x86.Build.0 = Release|Win32
		{132FC32A-651C-4B72-A082-5464A706A4DD}.Debug|x64.ActiveCfg = Debug|x64
		{132FC32A-651C-4B72-A082-5464A706A4DD}.Debug|x64.Build.0 = Debug|x64
		{132FC32A-651C-4B72-A082-5464A706A4DD}.Debug|x86.ActiveCfg = Debug|Win32
		{132FC32A-651C-4B72-A082-5464A706A4DD}.Debug|x86.Build.0 = Debug|Win32
		{132FC32A-651C-4B72-A082-5464A706A4DD}.Release|x64.ActiveCfg = Release|x64
		{132FC32A-651C-4B72-A082-5464A706A4DD}.Release|x64.Build.0 = Release|x64
		{132FC32A-651C-4B72-A082-5464A706A4DD}.Release|x86.ActiveCfg = Release|Win32
		{132FC32A-651C-4B72-A082-5464A706A4DD}.Release|x86.Build.0 = Release|Win32
		{9AF70EAF-7091-44D0-AB76-707C966638E3}.Debug|x64.ActiveCfg = Debug|x64
		{9AF70EAF-7091-44D0-AB76-707C966638E3}.Debug|x64.Build.0 = Debug|x64
		{9AF70EAF-7091-44D0-AB76-707C966638E3}.Debug|x86.ActiveCfg = Debug|Win32
		{9AF70EAF-7091-44D0-AB76-707C966638E3}.Debug|x86.Build.0 = Debug|Win32
		{9AF70EAF-7091-44D0-AB76-707C966638E3}.Release|x64.ActiveCfg = Release|x64
		{9AF70EAF-7091-44D0-AB76-707C966638E3}.Release|x64.Build.0 = Release|x64
		{9AF70EAF-7091-44D0-AB76-707C966638E3}.Release|x86.ActiveCfg = Release|Win32
		{9AF70EAF-7091-44D0-AB76-707C966638E3}.Release|x86.Build.0 = Release|Win32
		{7B954F15-0FE6-4D15-A2B0-B1AFA42F18B9}.Debug|x64.ActiveCfg = Debug|x64
		{7B954F15-0FE6-4D15-A2B0-B1AFA42F18B9}.Debug|x64.Build.0 = Debug|x64
		{7B954F15-0FE6-4D15-A2B0-B1AFA42F18B9}.Debug|x86.ActiveCfg = Debug|Win32
		{7B954F15-0FE6-4D15-A2B0-B1AFA42F18B9}.Debug|x86.Build.0 = Debug|Win32
		{7B954F15-0FE6-4D15-A2B0-B1AFA42F18B9}.Release|x64.ActiveCfg = Release|x64
		{7B954F15-0FE6-4D15-A2B0-B1AFA42F18B9}.Release|x64.Build.0 = Release|x64
		{7B954F15-0FE6-4D15-A2B0-B1AFA42F18B9}.Release|x86.ActiveCfg = Release|Win32
		{7B954F15-0FE6-4D15-A2B0-B1AFA42F18B9}.Release|x86.Build.0 = Release|Win32
	EndGlobalSection
	GlobalSection(SolutionProperties) = preSolution
		HideSolutionNode = FALSE
	EndGlobalSection
	GlobalSection(ExtensibilityGlobals) = postSolution
		SolutionGuid = {AF2476BD-ED82-4C05-AF09-EABB3AC9F0BE}
	EndGlobalSection
EndGlobal
