
Microsoft Visual Studio Solution File, Format Version 12.00
# Visual Studio Version 17
VisualStudioVersion = 17.7.34221.43
MinimumVisualStudioVersion = 10.0.40219.1
Project("{FAE04EC0-301F-11D3-BF4B-00C04F79EFBC}") = "BudgetManagementSystem", "BudgetManagementSystem\BudgetManagementSystem.csproj", "{A486E887-F0AB-4631-A116-C9CB5AD8F965}"
EndProject
Global
	GlobalSection(SolutionConfigurationPlatforms) = preSolution
		Debug|Any CPU = Debug|Any CPU
		Release|Any CPU = Release|Any CPU
	EndGlobalSection
	GlobalSection(ProjectConfigurationPlatforms) = postSolution
		{A486E887-F0AB-4631-A116-C9CB5AD8F965}.Debug|Any CPU.ActiveCfg = Debug|Any CPU
		{A486E887-F0AB-4631-A116-C9CB5AD8F965}.Debug|Any CPU.Build.0 = Debug|Any CPU
		{A486E887-F0AB-4631-A116-C9CB5AD8F965}.Release|Any CPU.ActiveCfg = Release|Any CPU
		{A486E887-F0AB-4631-A116-C9CB5AD8F965}.Release|Any CPU.Build.0 = Release|Any CPU
	EndGlobalSection
	GlobalSection(SolutionProperties) = preSolution
		HideSolutionNode = FALSE
	EndGlobalSection
	GlobalSection(ExtensibilityGlobals) = postSolution
		SolutionGuid = {59C2C131-510A-4E72-A27F-6FF6A115402E}
	EndGlobalSection
EndGlobal
