
Microsoft Visual Studio Solution File, Format Version 12.00
# Visual Studio Version 17
VisualStudioVersion = 17.2.32616.157
MinimumVisualStudioVersion = 10.0.40219.1
Project("{8BC9CEB8-8B4A-11D0-8D11-00A0C91BC942}") = "Задание 1", "Union\Union.vcxproj", "{97E59EE2-922E-41B9-84C0-2463042E7065}"
EndProject
Project("{8BC9CEB8-8B4A-11D0-8D11-00A0C91BC942}") = "Задание 2", "Задание 2\Задание 2.vcxproj", "{2429CD1F-5989-4C06-90A1-C8666B164E8A}"
EndProject
Project("{8BC9CEB8-8B4A-11D0-8D11-00A0C91BC942}") = "Задание 3", "Задание 3\Задание 3.vcxproj", "{81B99FBE-6BD8-491B-90DB-24052BBE8B4D}"
EndProject
Global
	GlobalSection(SolutionConfigurationPlatforms) = preSolution
		Debug|x64 = Debug|x64
		Debug|x86 = Debug|x86
		Release|x64 = Release|x64
		Release|x86 = Release|x86
	EndGlobalSection
	GlobalSection(ProjectConfigurationPlatforms) = postSolution
		{97E59EE2-922E-41B9-84C0-2463042E7065}.Debug|x64.ActiveCfg = Debug|x64
		{97E59EE2-922E-41B9-84C0-2463042E7065}.Debug|x64.Build.0 = Debug|x64
		{97E59EE2-922E-41B9-84C0-2463042E7065}.Debug|x86.ActiveCfg = Debug|Win32
		{97E59EE2-922E-41B9-84C0-2463042E7065}.Debug|x86.Build.0 = Debug|Win32
		{97E59EE2-922E-41B9-84C0-2463042E7065}.Release|x64.ActiveCfg = Release|x64
		{97E59EE2-922E-41B9-84C0-2463042E7065}.Release|x64.Build.0 = Release|x64
		{97E59EE2-922E-41B9-84C0-2463042E7065}.Release|x86.ActiveCfg = Release|Win32
		{97E59EE2-922E-41B9-84C0-2463042E7065}.Release|x86.Build.0 = Release|Win32
		{2429CD1F-5989-4C06-90A1-C8666B164E8A}.Debug|x64.ActiveCfg = Debug|x64
		{2429CD1F-5989-4C06-90A1-C8666B164E8A}.Debug|x64.Build.0 = Debug|x64
		{2429CD1F-5989-4C06-90A1-C8666B164E8A}.Debug|x86.ActiveCfg = Debug|Win32
		{2429CD1F-5989-4C06-90A1-C8666B164E8A}.Debug|x86.Build.0 = Debug|Win32
		{2429CD1F-5989-4C06-90A1-C8666B164E8A}.Release|x64.ActiveCfg = Release|x64
		{2429CD1F-5989-4C06-90A1-C8666B164E8A}.Release|x64.Build.0 = Release|x64
		{2429CD1F-5989-4C06-90A1-C8666B164E8A}.Release|x86.ActiveCfg = Release|Win32
		{2429CD1F-5989-4C06-90A1-C8666B164E8A}.Release|x86.Build.0 = Release|Win32
		{81B99FBE-6BD8-491B-90DB-24052BBE8B4D}.Debug|x64.ActiveCfg = Debug|x64
		{81B99FBE-6BD8-491B-90DB-24052BBE8B4D}.Debug|x64.Build.0 = Debug|x64
		{81B99FBE-6BD8-491B-90DB-24052BBE8B4D}.Debug|x86.ActiveCfg = Debug|Win32
		{81B99FBE-6BD8-491B-90DB-24052BBE8B4D}.Debug|x86.Build.0 = Debug|Win32
		{81B99FBE-6BD8-491B-90DB-24052BBE8B4D}.Release|x64.ActiveCfg = Release|x64
		{81B99FBE-6BD8-491B-90DB-24052BBE8B4D}.Release|x64.Build.0 = Release|x64
		{81B99FBE-6BD8-491B-90DB-24052BBE8B4D}.Release|x86.ActiveCfg = Release|Win32
		{81B99FBE-6BD8-491B-90DB-24052BBE8B4D}.Release|x86.Build.0 = Release|Win32
	EndGlobalSection
	GlobalSection(SolutionProperties) = preSolution
		HideSolutionNode = FALSE
	EndGlobalSection
	GlobalSection(ExtensibilityGlobals) = postSolution
		SolutionGuid = {F96A3CEB-38AD-41B7-8737-C58A0D343A82}
	EndGlobalSection
EndGlobal
