
Microsoft Visual Studio Solution File, Format Version 12.00
# Visual Studio Version 17
VisualStudioVersion = 17.2.32616.157
MinimumVisualStudioVersion = 10.0.40219.1
Project("{8BC9CEB8-8B4A-11D0-8D11-00A0C91BC942}") = "Указатели", "Указатели\Указатели.vcxproj", "{155FC5E3-40FC-4C76-8B16-0B95FA389223}"
EndProject
Project("{8BC9CEB8-8B4A-11D0-8D11-00A0C91BC942}") = "Указатели массива", "PointerArray\PointerArray.vcxproj", "{FB266D9B-3D2E-41B3-AB16-09E5D0A57A4B}"
EndProject
Project("{8BC9CEB8-8B4A-11D0-8D11-00A0C91BC942}") = "Указатели массива 2", "Указатели массива 2\Указатели массива 2.vcxproj", "{6A074BDB-372D-4BDA-933D-F3160F9FEF06}"
EndProject
Project("{8BC9CEB8-8B4A-11D0-8D11-00A0C91BC942}") = "Указатели массива 3", "Указатели массива 3\Указатели массива 3.vcxproj", "{A7DB8112-6816-4BAB-9C06-DA430DF541BD}"
EndProject
Project("{8BC9CEB8-8B4A-11D0-8D11-00A0C91BC942}") = "Константный Указатель", "Константный Указатель\Константный Указатель.vcxproj", "{642ABC1D-B2D0-4F28-9277-AE071CBEB3AC}"
EndProject
Project("{8BC9CEB8-8B4A-11D0-8D11-00A0C91BC942}") = "Указатель на константу", "Указатель на константу\Указатель на константу.vcxproj", "{0BF2D96B-23E5-4B5A-B59F-2C84A855D99F}"
EndProject
Project("{8BC9CEB8-8B4A-11D0-8D11-00A0C91BC942}") = "Ссылки", "Ссылки\Ссылки.vcxproj", "{8F611A3B-077A-4857-912C-FC7614BFB710}"
EndProject
Project("{8BC9CEB8-8B4A-11D0-8D11-00A0C91BC942}") = "Указатели и ссылки", "Указатели и ссылки\Указатели и ссылки.vcxproj", "{126DDD41-64ED-44D1-B641-E0C5432A783E}"
EndProject
Global
	GlobalSection(SolutionConfigurationPlatforms) = preSolution
		Debug|x64 = Debug|x64
		Debug|x86 = Debug|x86
		Release|x64 = Release|x64
		Release|x86 = Release|x86
	EndGlobalSection
	GlobalSection(ProjectConfigurationPlatforms) = postSolution
		{155FC5E3-40FC-4C76-8B16-0B95FA389223}.Debug|x64.ActiveCfg = Debug|x64
		{155FC5E3-40FC-4C76-8B16-0B95FA389223}.Debug|x64.Build.0 = Debug|x64
		{155FC5E3-40FC-4C76-8B16-0B95FA389223}.Debug|x86.ActiveCfg = Debug|Win32
		{155FC5E3-40FC-4C76-8B16-0B95FA389223}.Debug|x86.Build.0 = Debug|Win32
		{155FC5E3-40FC-4C76-8B16-0B95FA389223}.Release|x64.ActiveCfg = Release|x64
		{155FC5E3-40FC-4C76-8B16-0B95FA389223}.Release|x64.Build.0 = Release|x64
		{155FC5E3-40FC-4C76-8B16-0B95FA389223}.Release|x86.ActiveCfg = Release|Win32
		{155FC5E3-40FC-4C76-8B16-0B95FA389223}.Release|x86.Build.0 = Release|Win32
		{FB266D9B-3D2E-41B3-AB16-09E5D0A57A4B}.Debug|x64.ActiveCfg = Debug|x64
		{FB266D9B-3D2E-41B3-AB16-09E5D0A57A4B}.Debug|x64.Build.0 = Debug|x64
		{FB266D9B-3D2E-41B3-AB16-09E5D0A57A4B}.Debug|x86.ActiveCfg = Debug|Win32
		{FB266D9B-3D2E-41B3-AB16-09E5D0A57A4B}.Debug|x86.Build.0 = Debug|Win32
		{FB266D9B-3D2E-41B3-AB16-09E5D0A57A4B}.Release|x64.ActiveCfg = Release|x64
		{FB266D9B-3D2E-41B3-AB16-09E5D0A57A4B}.Release|x64.Build.0 = Release|x64
		{FB266D9B-3D2E-41B3-AB16-09E5D0A57A4B}.Release|x86.ActiveCfg = Release|Win32
		{FB266D9B-3D2E-41B3-AB16-09E5D0A57A4B}.Release|x86.Build.0 = Release|Win32
		{6A074BDB-372D-4BDA-933D-F3160F9FEF06}.Debug|x64.ActiveCfg = Debug|x64
		{6A074BDB-372D-4BDA-933D-F3160F9FEF06}.Debug|x64.Build.0 = Debug|x64
		{6A074BDB-372D-4BDA-933D-F3160F9FEF06}.Debug|x86.ActiveCfg = Debug|Win32
		{6A074BDB-372D-4BDA-933D-F3160F9FEF06}.Debug|x86.Build.0 = Debug|Win32
		{6A074BDB-372D-4BDA-933D-F3160F9FEF06}.Release|x64.ActiveCfg = Release|x64
		{6A074BDB-372D-4BDA-933D-F3160F9FEF06}.Release|x64.Build.0 = Release|x64
		{6A074BDB-372D-4BDA-933D-F3160F9FEF06}.Release|x86.ActiveCfg = Release|Win32
		{6A074BDB-372D-4BDA-933D-F3160F9FEF06}.Release|x86.Build.0 = Release|Win32
		{A7DB8112-6816-4BAB-9C06-DA430DF541BD}.Debug|x64.ActiveCfg = Debug|x64
		{A7DB8112-6816-4BAB-9C06-DA430DF541BD}.Debug|x64.Build.0 = Debug|x64
		{A7DB8112-6816-4BAB-9C06-DA430DF541BD}.Debug|x86.ActiveCfg = Debug|Win32
		{A7DB8112-6816-4BAB-9C06-DA430DF541BD}.Debug|x86.Build.0 = Debug|Win32
		{A7DB8112-6816-4BAB-9C06-DA430DF541BD}.Release|x64.ActiveCfg = Release|x64
		{A7DB8112-6816-4BAB-9C06-DA430DF541BD}.Release|x64.Build.0 = Release|x64
		{A7DB8112-6816-4BAB-9C06-DA430DF541BD}.Release|x86.ActiveCfg = Release|Win32
		{A7DB8112-6816-4BAB-9C06-DA430DF541BD}.Release|x86.Build.0 = Release|Win32
		{642ABC1D-B2D0-4F28-9277-AE071CBEB3AC}.Debug|x64.ActiveCfg = Debug|x64
		{642ABC1D-B2D0-4F28-9277-AE071CBEB3AC}.Debug|x64.Build.0 = Debug|x64
		{642ABC1D-B2D0-4F28-9277-AE071CBEB3AC}.Debug|x86.ActiveCfg = Debug|Win32
		{642ABC1D-B2D0-4F28-9277-AE071CBEB3AC}.Debug|x86.Build.0 = Debug|Win32
		{642ABC1D-B2D0-4F28-9277-AE071CBEB3AC}.Release|x64.ActiveCfg = Release|x64
		{642ABC1D-B2D0-4F28-9277-AE071CBEB3AC}.Release|x64.Build.0 = Release|x64
		{642ABC1D-B2D0-4F28-9277-AE071CBEB3AC}.Release|x86.ActiveCfg = Release|Win32
		{642ABC1D-B2D0-4F28-9277-AE071CBEB3AC}.Release|x86.Build.0 = Release|Win32
		{0BF2D96B-23E5-4B5A-B59F-2C84A855D99F}.Debug|x64.ActiveCfg = Debug|x64
		{0BF2D96B-23E5-4B5A-B59F-2C84A855D99F}.Debug|x64.Build.0 = Debug|x64
		{0BF2D96B-23E5-4B5A-B59F-2C84A855D99F}.Debug|x86.ActiveCfg = Debug|Win32
		{0BF2D96B-23E5-4B5A-B59F-2C84A855D99F}.Debug|x86.Build.0 = Debug|Win32
		{0BF2D96B-23E5-4B5A-B59F-2C84A855D99F}.Release|x64.ActiveCfg = Release|x64
		{0BF2D96B-23E5-4B5A-B59F-2C84A855D99F}.Release|x64.Build.0 = Release|x64
		{0BF2D96B-23E5-4B5A-B59F-2C84A855D99F}.Release|x86.ActiveCfg = Release|Win32
		{0BF2D96B-23E5-4B5A-B59F-2C84A855D99F}.Release|x86.Build.0 = Release|Win32
		{8F611A3B-077A-4857-912C-FC7614BFB710}.Debug|x64.ActiveCfg = Debug|x64
		{8F611A3B-077A-4857-912C-FC7614BFB710}.Debug|x64.Build.0 = Debug|x64
		{8F611A3B-077A-4857-912C-FC7614BFB710}.Debug|x86.ActiveCfg = Debug|Win32
		{8F611A3B-077A-4857-912C-FC7614BFB710}.Debug|x86.Build.0 = Debug|Win32
		{8F611A3B-077A-4857-912C-FC7614BFB710}.Release|x64.ActiveCfg = Release|x64
		{8F611A3B-077A-4857-912C-FC7614BFB710}.Release|x64.Build.0 = Release|x64
		{8F611A3B-077A-4857-912C-FC7614BFB710}.Release|x86.ActiveCfg = Release|Win32
		{8F611A3B-077A-4857-912C-FC7614BFB710}.Release|x86.Build.0 = Release|Win32
		{126DDD41-64ED-44D1-B641-E0C5432A783E}.Debug|x64.ActiveCfg = Debug|x64
		{126DDD41-64ED-44D1-B641-E0C5432A783E}.Debug|x64.Build.0 = Debug|x64
		{126DDD41-64ED-44D1-B641-E0C5432A783E}.Debug|x86.ActiveCfg = Debug|Win32
		{126DDD41-64ED-44D1-B641-E0C5432A783E}.Debug|x86.Build.0 = Debug|Win32
		{126DDD41-64ED-44D1-B641-E0C5432A783E}.Release|x64.ActiveCfg = Release|x64
		{126DDD41-64ED-44D1-B641-E0C5432A783E}.Release|x64.Build.0 = Release|x64
		{126DDD41-64ED-44D1-B641-E0C5432A783E}.Release|x86.ActiveCfg = Release|Win32
		{126DDD41-64ED-44D1-B641-E0C5432A783E}.Release|x86.Build.0 = Release|Win32
	EndGlobalSection
	GlobalSection(SolutionProperties) = preSolution
		HideSolutionNode = FALSE
	EndGlobalSection
	GlobalSection(ExtensibilityGlobals) = postSolution
		SolutionGuid = {F51ECCD0-0155-4D3D-B9CC-C45C460DDEBB}
	EndGlobalSection
EndGlobal
