
Microsoft Visual Studio Solution File, Format Version 12.00
# Visual Studio Version 17
VisualStudioVersion = 17.2.32616.157
MinimumVisualStudioVersion = 10.0.40219.1
Project("{8BC9CEB8-8B4A-11D0-8D11-00A0C91BC942}") = "85 Gipotenuza", "85 Gipotenuza\85 Gipotenuza.vcxproj", "{C2FB3858-965A-4289-8750-DA1C1C4951C3}"
EndProject
Project("{8BC9CEB8-8B4A-11D0-8D11-00A0C91BC942}") = "86 Taxi", "86 Taxi\86 Taxi.vcxproj", "{EB677AC7-9AEF-4164-9981-B93BF461C504}"
EndProject
Project("{8BC9CEB8-8B4A-11D0-8D11-00A0C91BC942}") = "87 ShippingCost", "87 ShippingCost\87 ShippingCost.vcxproj", "{C682ACCA-BBA8-4ABE-A025-1BE8906DC330}"
EndProject
Project("{8BC9CEB8-8B4A-11D0-8D11-00A0C91BC942}") = "88 Mediana", "88 Mediana\88 Mediana.vcxproj", "{850ED6AE-F156-44F9-9B26-8873070A19B3}"
EndProject
Project("{8BC9CEB8-8B4A-11D0-8D11-00A0C91BC942}") = "89 OrdinarNumberToWords", "89 OrdinarNumberToWords\89 OrdinarNumberToWords.vcxproj", "{BD752A05-51EE-4A95-A1C8-F26DD51CC987}"
EndProject
Global
	GlobalSection(SolutionConfigurationPlatforms) = preSolution
		Debug|x64 = Debug|x64
		Debug|x86 = Debug|x86
		Release|x64 = Release|x64
		Release|x86 = Release|x86
	EndGlobalSection
	GlobalSection(ProjectConfigurationPlatforms) = postSolution
		{C2FB3858-965A-4289-8750-DA1C1C4951C3}.Debug|x64.ActiveCfg = Debug|x64
		{C2FB3858-965A-4289-8750-DA1C1C4951C3}.Debug|x64.Build.0 = Debug|x64
		{C2FB3858-965A-4289-8750-DA1C1C4951C3}.Debug|x86.ActiveCfg = Debug|Win32
		{C2FB3858-965A-4289-8750-DA1C1C4951C3}.Debug|x86.Build.0 = Debug|Win32
		{C2FB3858-965A-4289-8750-DA1C1C4951C3}.Release|x64.ActiveCfg = Release|x64
		{C2FB3858-965A-4289-8750-DA1C1C4951C3}.Release|x64.Build.0 = Release|x64
		{C2FB3858-965A-4289-8750-DA1C1C4951C3}.Release|x86.ActiveCfg = Release|Win32
		{C2FB3858-965A-4289-8750-DA1C1C4951C3}.Release|x86.Build.0 = Release|Win32
		{EB677AC7-9AEF-4164-9981-B93BF461C504}.Debug|x64.ActiveCfg = Debug|x64
		{EB677AC7-9AEF-4164-9981-B93BF461C504}.Debug|x64.Build.0 = Debug|x64
		{EB677AC7-9AEF-4164-9981-B93BF461C504}.Debug|x86.ActiveCfg = Debug|Win32
		{EB677AC7-9AEF-4164-9981-B93BF461C504}.Debug|x86.Build.0 = Debug|Win32
		{EB677AC7-9AEF-4164-9981-B93BF461C504}.Release|x64.ActiveCfg = Release|x64
		{EB677AC7-9AEF-4164-9981-B93BF461C504}.Release|x64.Build.0 = Release|x64
		{EB677AC7-9AEF-4164-9981-B93BF461C504}.Release|x86.ActiveCfg = Release|Win32
		{EB677AC7-9AEF-4164-9981-B93BF461C504}.Release|x86.Build.0 = Release|Win32
		{C682ACCA-BBA8-4ABE-A025-1BE8906DC330}.Debug|x64.ActiveCfg = Debug|x64
		{C682ACCA-BBA8-4ABE-A025-1BE8906DC330}.Debug|x64.Build.0 = Debug|x64
		{C682ACCA-BBA8-4ABE-A025-1BE8906DC330}.Debug|x86.ActiveCfg = Debug|Win32
		{C682ACCA-BBA8-4ABE-A025-1BE8906DC330}.Debug|x86.Build.0 = Debug|Win32
		{C682ACCA-BBA8-4ABE-A025-1BE8906DC330}.Release|x64.ActiveCfg = Release|x64
		{C682ACCA-BBA8-4ABE-A025-1BE8906DC330}.Release|x64.Build.0 = Release|x64
		{C682ACCA-BBA8-4ABE-A025-1BE8906DC330}.Release|x86.ActiveCfg = Release|Win32
		{C682ACCA-BBA8-4ABE-A025-1BE8906DC330}.Release|x86.Build.0 = Release|Win32
		{850ED6AE-F156-44F9-9B26-8873070A19B3}.Debug|x64.ActiveCfg = Debug|x64
		{850ED6AE-F156-44F9-9B26-8873070A19B3}.Debug|x64.Build.0 = Debug|x64
		{850ED6AE-F156-44F9-9B26-8873070A19B3}.Debug|x86.ActiveCfg = Debug|Win32
		{850ED6AE-F156-44F9-9B26-8873070A19B3}.Debug|x86.Build.0 = Debug|Win32
		{850ED6AE-F156-44F9-9B26-8873070A19B3}.Release|x64.ActiveCfg = Release|x64
		{850ED6AE-F156-44F9-9B26-8873070A19B3}.Release|x64.Build.0 = Release|x64
		{850ED6AE-F156-44F9-9B26-8873070A19B3}.Release|x86.ActiveCfg = Release|Win32
		{850ED6AE-F156-44F9-9B26-8873070A19B3}.Release|x86.Build.0 = Release|Win32
		{BD752A05-51EE-4A95-A1C8-F26DD51CC987}.Debug|x64.ActiveCfg = Debug|x64
		{BD752A05-51EE-4A95-A1C8-F26DD51CC987}.Debug|x64.Build.0 = Debug|x64
		{BD752A05-51EE-4A95-A1C8-F26DD51CC987}.Debug|x86.ActiveCfg = Debug|Win32
		{BD752A05-51EE-4A95-A1C8-F26DD51CC987}.Debug|x86.Build.0 = Debug|Win32
		{BD752A05-51EE-4A95-A1C8-F26DD51CC987}.Release|x64.ActiveCfg = Release|x64
		{BD752A05-51EE-4A95-A1C8-F26DD51CC987}.Release|x64.Build.0 = Release|x64
		{BD752A05-51EE-4A95-A1C8-F26DD51CC987}.Release|x86.ActiveCfg = Release|Win32
		{BD752A05-51EE-4A95-A1C8-F26DD51CC987}.Release|x86.Build.0 = Release|Win32
	EndGlobalSection
	GlobalSection(SolutionProperties) = preSolution
		HideSolutionNode = FALSE
	EndGlobalSection
	GlobalSection(ExtensibilityGlobals) = postSolution
		SolutionGuid = {CB4AAE86-0E3C-4914-9CFD-E920ECEEB15D}
	EndGlobalSection
EndGlobal
