
Microsoft Visual Studio Solution File, Format Version 12.00
# Visual Studio Version 17
VisualStudioVersion = 17.2.32616.157
MinimumVisualStudioVersion = 10.0.40219.1
Project("{FAE04EC0-301F-11D3-BF4B-00C04F79EFBC}") = "Task1", "Task1\Task1.csproj", "{25D6646D-C6E9-480A-B73F-8A3562E7C572}"
EndProject
Project("{FAE04EC0-301F-11D3-BF4B-00C04F79EFBC}") = "ToDo_List", "ToDo_List\ToDo_List.csproj", "{21D3591C-2FC9-47E8-8970-93162D9E9F63}"
EndProject
Global
	GlobalSection(SolutionConfigurationPlatforms) = preSolution
		Debug|Any CPU = Debug|Any CPU
		Release|Any CPU = Release|Any CPU
	EndGlobalSection
	GlobalSection(ProjectConfigurationPlatforms) = postSolution
		{25D6646D-C6E9-480A-B73F-8A3562E7C572}.Debug|Any CPU.ActiveCfg = Debug|Any CPU
		{25D6646D-C6E9-480A-B73F-8A3562E7C572}.Debug|Any CPU.Build.0 = Debug|Any CPU
		{25D6646D-C6E9-480A-B73F-8A3562E7C572}.Release|Any CPU.ActiveCfg = Release|Any CPU
		{25D6646D-C6E9-480A-B73F-8A3562E7C572}.Release|Any CPU.Build.0 = Release|Any CPU
		{21D3591C-2FC9-47E8-8970-93162D9E9F63}.Debug|Any CPU.ActiveCfg = Debug|Any CPU
		{21D3591C-2FC9-47E8-8970-93162D9E9F63}.Debug|Any CPU.Build.0 = Debug|Any CPU
		{21D3591C-2FC9-47E8-8970-93162D9E9F63}.Release|Any CPU.ActiveCfg = Release|Any CPU
		{21D3591C-2FC9-47E8-8970-93162D9E9F63}.Release|Any CPU.Build.0 = Release|Any CPU
	EndGlobalSection
	GlobalSection(SolutionProperties) = preSolution
		HideSolutionNode = FALSE
	EndGlobalSection
	GlobalSection(ExtensibilityGlobals) = postSolution
		SolutionGuid = {2340C0AA-2333-4BE5-8DED-E408DA99A7B8}
	EndGlobalSection
EndGlobal
